
Microsoft Visual Studio Solution File, Format Version 12.00
# Visual Studio Version 17
VisualStudioVersion = 17.9.34728.123
MinimumVisualStudioVersion = 10.0.40219.1
Project("{FAE04EC0-301F-11D3-BF4B-00C04F79EFBC}") = "ConsoleApp1", "ConsoleApp1\ConsoleApp1.csproj", "{453A0A11-05C2-482F-AC27-76EBA3CE214B}"
EndProject
Global
	GlobalSection(SolutionConfigurationPlatforms) = preSolution
		Debug|Any CPU = Debug|Any CPU
		Release|Any CPU = Release|Any CPU
	EndGlobalSection
	GlobalSection(ProjectConfigurationPlatforms) = postSolution
		{453A0A11-05C2-482F-AC27-76EBA3CE214B}.Debug|Any CPU.ActiveCfg = Debug|Any CPU
		{453A0A11-05C2-482F-AC27-76EBA3CE214B}.Debug|Any CPU.Build.0 = Debug|Any CPU
		{453A0A11-05C2-482F-AC27-76EBA3CE214B}.Release|Any CPU.ActiveCfg = Release|Any CPU
		{453A0A11-05C2-482F-AC27-76EBA3CE214B}.Release|Any CPU.Build.0 = Release|Any CPU
	EndGlobalSection
	GlobalSection(SolutionProperties) = preSolution
		HideSolutionNode = FALSE
	EndGlobalSection
	GlobalSection(ExtensibilityGlobals) = postSolution
		SolutionGuid = {703FC548-7061-43F3-A525-4B8308DED487}
	EndGlobalSection
EndGlobal
